
Microsoft Visual Studio Solution File, Format Version 12.00
# Visual Studio 15
VisualStudioVersion = 15.0.27130.2024
MinimumVisualStudioVersion = 10.0.40219.1
Project("{E24C65DC-7377-472B-9ABA-BC803B73C61A}") = "Ecos", ".", "{829BFFAA-D447-4468-AABC-968B135D88F3}"
	ProjectSection(WebsiteProperties) = preProject
		TargetFrameworkMoniker = ".NETFramework,Version%3Dv4.6.1"
		Debug.AspNetCompiler.VirtualPath = "/localhost_49857"
		Debug.AspNetCompiler.PhysicalPath = "..\Ecos\"
		Debug.AspNetCompiler.TargetPath = "PrecompiledWeb\localhost_49857\"
		Debug.AspNetCompiler.Updateable = "true"
		Debug.AspNetCompiler.ForceOverwrite = "true"
		Debug.AspNetCompiler.FixedNames = "false"
		Debug.AspNetCompiler.Debug = "True"
		Release.AspNetCompiler.VirtualPath = "/localhost_49857"
		Release.AspNetCompiler.PhysicalPath = "..\Ecos\"
		Release.AspNetCompiler.TargetPath = "PrecompiledWeb\localhost_49857\"
		Release.AspNetCompiler.Updateable = "true"
		Release.AspNetCompiler.ForceOverwrite = "true"
		Release.AspNetCompiler.FixedNames = "false"
		Release.AspNetCompiler.Debug = "False"
		VWDPort = "49857"
		SlnRelativePath = "..\Ecos\"
		DefaultWebSiteLanguage = "Visual C#"
	EndProjectSection
EndProject
Global
	GlobalSection(SolutionConfigurationPlatforms) = preSolution
		Debug|Any CPU = Debug|Any CPU
	EndGlobalSection
	GlobalSection(ProjectConfigurationPlatforms) = postSolution
		{829BFFAA-D447-4468-AABC-968B135D88F3}.Debug|Any CPU.ActiveCfg = Debug|Any CPU
		{829BFFAA-D447-4468-AABC-968B135D88F3}.Debug|Any CPU.Build.0 = Debug|Any CPU
	EndGlobalSection
	GlobalSection(SolutionProperties) = preSolution
		HideSolutionNode = FALSE
	EndGlobalSection
	GlobalSection(ExtensibilityGlobals) = postSolution
		SolutionGuid = {CDFF396E-AB39-41B4-88A6-97C87B3AAEE0}
	EndGlobalSection
EndGlobal
